
Microsoft Visual Studio Solution File, Format Version 12.00
# Visual Studio Version 16
VisualStudioVersion = 16.0.31205.134
MinimumVisualStudioVersion = 10.0.40219.1
Project("{FAE04EC0-301F-11D3-BF4B-00C04F79EFBC}") = "GetAddress.Sdk", "GetAddress.Sdk\GetAddress.Sdk.csproj", "{952A5524-EB21-43BE-B92C-A3B00C4AB217}"
EndProject
Project("{FAE04EC0-301F-11D3-BF4B-00C04F79EFBC}") = "GetAddress.Sdk.Tests", "GetAddress.Sdk.Tests\GetAddress.Sdk.Tests.csproj", "{6AEDFDC7-7DBA-4FF6-B258-D110027E1147}"
EndProject
Global
	GlobalSection(SolutionConfigurationPlatforms) = preSolution
		Debug|Any CPU = Debug|Any CPU
		Release|Any CPU = Release|Any CPU
	EndGlobalSection
	GlobalSection(ProjectConfigurationPlatforms) = postSolution
		{952A5524-EB21-43BE-B92C-A3B00C4AB217}.Debug|Any CPU.ActiveCfg = Debug|Any CPU
		{952A5524-EB21-43BE-B92C-A3B00C4AB217}.Debug|Any CPU.Build.0 = Debug|Any CPU
		{952A5524-EB21-43BE-B92C-A3B00C4AB217}.Release|Any CPU.ActiveCfg = Release|Any CPU
		{952A5524-EB21-43BE-B92C-A3B00C4AB217}.Release|Any CPU.Build.0 = Release|Any CPU
		{6AEDFDC7-7DBA-4FF6-B258-D110027E1147}.Debug|Any CPU.ActiveCfg = Debug|Any CPU
		{6AEDFDC7-7DBA-4FF6-B258-D110027E1147}.Debug|Any CPU.Build.0 = Debug|Any CPU
		{6AEDFDC7-7DBA-4FF6-B258-D110027E1147}.Release|Any CPU.ActiveCfg = Release|Any CPU
		{6AEDFDC7-7DBA-4FF6-B258-D110027E1147}.Release|Any CPU.Build.0 = Release|Any CPU
	EndGlobalSection
	GlobalSection(SolutionProperties) = preSolution
		HideSolutionNode = FALSE
	EndGlobalSection
	GlobalSection(ExtensibilityGlobals) = postSolution
		SolutionGuid = {5F647892-03D6-4C8C-8547-2B7D86B67934}
	EndGlobalSection
EndGlobal
