
Microsoft Visual Studio Solution File, Format Version 12.00
# Visual Studio Version 16
VisualStudioVersion = 16.0.28803.202
MinimumVisualStudioVersion = 10.0.40219.1
Project("{FAE04EC0-301F-11D3-BF4B-00C04F79EFBC}") = "getAddress.Sdk.Tests", "getAddress.Sdk.Tests\getAddress.Sdk.Tests.csproj", "{02AF85C9-2716-4ECD-B387-73C7F9C19823}"
EndProject
Project("{2150E333-8FDC-42A3-9474-1A3956D46DE8}") = ".net 4.5.1", ".net 4.5.1", "{3A5C181E-55F0-4441-813A-23151CE72D3C}"
EndProject
Project("{2150E333-8FDC-42A3-9474-1A3956D46DE8}") = ".net 4.6.1", ".net 4.6.1", "{EA8CE4F9-83C1-4732-B76F-7177E4ADE292}"
EndProject
Project("{2150E333-8FDC-42A3-9474-1A3956D46DE8}") = "standard 2.0", "standard 2.0", "{F5EA4F54-2898-4BF4-9296-0DC07C9E929A}"
EndProject
Project("{9A19103F-16F7-4668-BE54-9A1E7A4F7556}") = "getAddress.Sdk.Standard", "getAddress.Sdk.Standard\getAddress.Sdk.Standard.csproj", "{17B89B89-D6A1-408D-9F11-55EC2C13C4D6}"
EndProject
Global
	GlobalSection(SolutionConfigurationPlatforms) = preSolution
		Debug|Any CPU = Debug|Any CPU
		Release|Any CPU = Release|Any CPU
	EndGlobalSection
	GlobalSection(ProjectConfigurationPlatforms) = postSolution
		{02AF85C9-2716-4ECD-B387-73C7F9C19823}.Debug|Any CPU.ActiveCfg = Debug|Any CPU
		{02AF85C9-2716-4ECD-B387-73C7F9C19823}.Debug|Any CPU.Build.0 = Debug|Any CPU
		{02AF85C9-2716-4ECD-B387-73C7F9C19823}.Release|Any CPU.ActiveCfg = Release|Any CPU
		{02AF85C9-2716-4ECD-B387-73C7F9C19823}.Release|Any CPU.Build.0 = Release|Any CPU
		{17B89B89-D6A1-408D-9F11-55EC2C13C4D6}.Debug|Any CPU.ActiveCfg = Debug|Any CPU
		{17B89B89-D6A1-408D-9F11-55EC2C13C4D6}.Debug|Any CPU.Build.0 = Debug|Any CPU
		{17B89B89-D6A1-408D-9F11-55EC2C13C4D6}.Release|Any CPU.ActiveCfg = Release|Any CPU
		{17B89B89-D6A1-408D-9F11-55EC2C13C4D6}.Release|Any CPU.Build.0 = Release|Any CPU
	EndGlobalSection
	GlobalSection(SolutionProperties) = preSolution
		HideSolutionNode = FALSE
	EndGlobalSection
	GlobalSection(NestedProjects) = preSolution
		{17B89B89-D6A1-408D-9F11-55EC2C13C4D6} = {F5EA4F54-2898-4BF4-9296-0DC07C9E929A}
	EndGlobalSection
	GlobalSection(ExtensibilityGlobals) = postSolution
		SolutionGuid = {CBB13698-4FD5-43ED-A94B-FF64B703AF75}
	EndGlobalSection
EndGlobal
